{
  "version": "v1",
  "packages": {
    "@italodeandra/ui": {
      "signature": "84a01f3e7349627600b2fed46119159e",
      "file": true
    },
    "@italodeandra/next": {
      "signature": "f532532d94bba46cb8748d3209b32c50",
      "file": true
    },
    "@italodeandra/auth": {
      "signature": "7944c7d9560ac03bb662a4a53300db96",
      "file": true
    }
  }
}